{
  "name": "farmy-website",
  "version": "1.0.0",
  "lockfileVersion": 1,
  "requires": true,
  "dependencies": {
    "sidenavjs": {
      "version": "1.0.26",
      "resolved": "https://registry.npmjs.org/sidenavjs/-/sidenavjs-1.0.26.tgz",
      "integrity": "sha512-o639frOcn04Rt/NoHUMMtA1fFjDEcaL9d6h/7USgE21jz1U4QAi+8u1mV71DMk4dut0B9jOM7AkzpaFUZ/kRkA=="
    }
  }
}
